
Microsoft Visual Studio Solution File, Format Version 12.00
# Visual Studio Version 17
VisualStudioVersion = 17.5.002.0
MinimumVisualStudioVersion = 10.0.40219.1
Project("{9A19103F-16F7-4668-BE54-9A1E7A4F7556}") = "base_mega_api", "base_mega_api\base_mega_api.csproj", "{B936CCAA-3616-4D1F-852B-0603F199C4D6}"
EndProject
Global
	GlobalSection(SolutionConfigurationPlatforms) = preSolution
		Debug|Any CPU = Debug|Any CPU
		Release|Any CPU = Release|Any CPU
	EndGlobalSection
	GlobalSection(ProjectConfigurationPlatforms) = postSolution
		{B936CCAA-3616-4D1F-852B-0603F199C4D6}.Debug|Any CPU.ActiveCfg = Debug|Any CPU
		{B936CCAA-3616-4D1F-852B-0603F199C4D6}.Debug|Any CPU.Build.0 = Debug|Any CPU
		{B936CCAA-3616-4D1F-852B-0603F199C4D6}.Release|Any CPU.ActiveCfg = Release|Any CPU
		{B936CCAA-3616-4D1F-852B-0603F199C4D6}.Release|Any CPU.Build.0 = Release|Any CPU
	EndGlobalSection
	GlobalSection(SolutionProperties) = preSolution
		HideSolutionNode = FALSE
	EndGlobalSection
	GlobalSection(ExtensibilityGlobals) = postSolution
		SolutionGuid = {9AF471B3-089E-4242-B110-528B1CADEAA9}
	EndGlobalSection
EndGlobal
